// !$*UTF8*$!
{
	archiveVersion = 1;
	classes = {
	};
	objectVersion = 50;
	objects = {

/* Begin PBXBuildFile section */
		3DE24921218B97770077A751 /* DetallesPeliculaController.swift in Sources */ = {isa = PBXBuildFile; fileRef = 3DE24920218B97770077A751 /* DetallesPeliculaController.swift */; };
		3DFFB91E2189FC35007A4908 /* AppDelegate.swift in Sources */ = {isa = PBXBuildFile; fileRef = 3DFFB91D2189FC35007A4908 /* AppDelegate.swift */; };
		3DFFB9202189FC35007A4908 /* ViewController.swift in Sources */ = {isa = PBXBuildFile; fileRef = 3DFFB91F2189FC35007A4908 /* ViewController.swift */; };
		3DFFB9232189FC35007A4908 /* Main.storyboard in Resources */ = {isa = PBXBuildFile; fileRef = 3DFFB9212189FC35007A4908 /* Main.storyboard */; };
		3DFFB9252189FC36007A4908 /* Assets.xcassets in Resources */ = {isa = PBXBuildFile; fileRef = 3DFFB9242189FC36007A4908 /* Assets.xcassets */; };
		3DFFB9282189FC36007A4908 /* LaunchScreen.storyboard in Resources */ = {isa = PBXBuildFile; fileRef = 3DFFB9262189FC36007A4908 /* LaunchScreen.storyboard */; };
		3DFFB9332189FC36007A4908 /* PeliculasTests.swift in Sources */ = {isa = PBXBuildFile; fileRef = 3DFFB9322189FC36007A4908 /* PeliculasTests.swift */; };
		3DFFB93E2189FC36007A4908 /* PeliculasUITests.swift in Sources */ = {isa = PBXBuildFile; fileRef = 3DFFB93D2189FC36007A4908 /* PeliculasUITests.swift */; };
		3DFFB9542189FFB1007A4908 /* Pelicula.swift in Sources */ = {isa = PBXBuildFile; fileRef = 3DFFB9532189FFB1007A4908 /* Pelicula.swift */; };
		3DFFB957218A0098007A4908 /* Datos.swift in Sources */ = {isa = PBXBuildFile; fileRef = 3DFFB956218A0098007A4908 /* Datos.swift */; };
		3DFFB959218A015F007A4908 /* CeldaPeliculaController.swift in Sources */ = {isa = PBXBuildFile; fileRef = 3DFFB958218A015F007A4908 /* CeldaPeliculaController.swift */; };
		3DFFB973218A0D56007A4908 /* Alamofire.framework in Frameworks */ = {isa = PBXBuildFile; fileRef = 3DFFB966218A0CD9007A4908 /* Alamofire.framework */; };
		3DFFB974218A0D56007A4908 /* Alamofire.framework in Embed Frameworks */ = {isa = PBXBuildFile; fileRef = 3DFFB966218A0CD9007A4908 /* Alamofire.framework */; settings = {ATTRIBUTES = (CodeSignOnCopy, RemoveHeadersOnCopy, ); }; };
/* End PBXBuildFile section */

/* Begin PBXContainerItemProxy section */
		3DFFB92F2189FC36007A4908 /* PBXContainerItemProxy */ = {
			isa = PBXContainerItemProxy;
			containerPortal = 3DFFB9122189FC35007A4908 /* Project object */;
			proxyType = 1;
			remoteGlobalIDString = 3DFFB9192189FC35007A4908;
			remoteInfo = Peliculas;
		};
		3DFFB93A2189FC36007A4908 /* PBXContainerItemProxy */ = {
			isa = PBXContainerItemProxy;
			containerPortal = 3DFFB9122189FC35007A4908 /* Project object */;
			proxyType = 1;
			remoteGlobalIDString = 3DFFB9192189FC35007A4908;
			remoteInfo = Peliculas;
		};
		3DFFB965218A0CD9007A4908 /* PBXContainerItemProxy */ = {
			isa = PBXContainerItemProxy;
			containerPortal = 3DFFB95A218A0CD9007A4908 /* Alamofire.xcodeproj */;
			proxyType = 2;
			remoteGlobalIDString = F8111E3319A95C8B0040E7D1;
			remoteInfo = "Alamofire iOS";
		};
		3DFFB967218A0CD9007A4908 /* PBXContainerItemProxy */ = {
			isa = PBXContainerItemProxy;
			containerPortal = 3DFFB95A218A0CD9007A4908 /* Alamofire.xcodeproj */;
			proxyType = 2;
			remoteGlobalIDString = F8111E3E19A95C8B0040E7D1;
			remoteInfo = "Alamofire iOS Tests";
		};
		3DFFB969218A0CD9007A4908 /* PBXContainerItemProxy */ = {
			isa = PBXContainerItemProxy;
			containerPortal = 3DFFB95A218A0CD9007A4908 /* Alamofire.xcodeproj */;
			proxyType = 2;
			remoteGlobalIDString = 4DD67C0B1A5C55C900ED2280;
			remoteInfo = "Alamofire macOS";
		};
		3DFFB96B218A0CD9007A4908 /* PBXContainerItemProxy */ = {
			isa = PBXContainerItemProxy;
			containerPortal = 3DFFB95A218A0CD9007A4908 /* Alamofire.xcodeproj */;
			proxyType = 2;
			remoteGlobalIDString = F829C6B21A7A94F100A2CD59;
			remoteInfo = "Alamofire macOS Tests";
		};
		3DFFB96D218A0CD9007A4908 /* PBXContainerItemProxy */ = {
			isa = PBXContainerItemProxy;
			containerPortal = 3DFFB95A218A0CD9007A4908 /* Alamofire.xcodeproj */;
			proxyType = 2;
			remoteGlobalIDString = 4CF626EF1BA7CB3E0011A099;
			remoteInfo = "Alamofire tvOS";
		};
		3DFFB96F218A0CD9007A4908 /* PBXContainerItemProxy */ = {
			isa = PBXContainerItemProxy;
			containerPortal = 3DFFB95A218A0CD9007A4908 /* Alamofire.xcodeproj */;
			proxyType = 2;
			remoteGlobalIDString = 4CF626F81BA7CB3E0011A099;
			remoteInfo = "Alamofire tvOS Tests";
		};
		3DFFB971218A0CD9007A4908 /* PBXContainerItemProxy */ = {
			isa = PBXContainerItemProxy;
			containerPortal = 3DFFB95A218A0CD9007A4908 /* Alamofire.xcodeproj */;
			proxyType = 2;
			remoteGlobalIDString = E4202FE01B667AA100C997FB;
			remoteInfo = "Alamofire watchOS";
		};
		3DFFB975218A0D56007A4908 /* PBXContainerItemProxy */ = {
			isa = PBXContainerItemProxy;
			containerPortal = 3DFFB95A218A0CD9007A4908 /* Alamofire.xcodeproj */;
			proxyType = 1;
			remoteGlobalIDString = F8111E3219A95C8B0040E7D1;
			remoteInfo = "Alamofire iOS";
		};
/* End PBXContainerItemProxy section */

/* Begin PBXCopyFilesBuildPhase section */
		3DFFB977218A0D57007A4908 /* Embed Frameworks */ = {
			isa = PBXCopyFilesBuildPhase;
			buildActionMask = 2147483647;
			dstPath = "";
			dstSubfolderSpec = 10;
			files = (
				3DFFB974218A0D56007A4908 /* Alamofire.framework in Embed Frameworks */,
			);
			name = "Embed Frameworks";
			runOnlyForDeploymentPostprocessing = 0;
		};
/* End PBXCopyFilesBuildPhase section */

/* Begin PBXFileReference section */
		3DE24920218B97770077A751 /* DetallesPeliculaController.swift */ = {isa = PBXFileReference; lastKnownFileType = sourcecode.swift; path = DetallesPeliculaController.swift; sourceTree = "<group>"; };
		3DFFB91A2189FC35007A4908 /* Peliculas.app */ = {isa = PBXFileReference; explicitFileType = wrapper.application; includeInIndex = 0; path = Peliculas.app; sourceTree = BUILT_PRODUCTS_DIR; };
		3DFFB91D2189FC35007A4908 /* AppDelegate.swift */ = {isa = PBXFileReference; lastKnownFileType = sourcecode.swift; path = AppDelegate.swift; sourceTree = "<group>"; };
		3DFFB91F2189FC35007A4908 /* ViewController.swift */ = {isa = PBXFileReference; lastKnownFileType = sourcecode.swift; path = ViewController.swift; sourceTree = "<group>"; };
		3DFFB9222189FC35007A4908 /* Base */ = {isa = PBXFileReference; lastKnownFileType = file.storyboard; name = Base; path = Base.lproj/Main.storyboard; sourceTree = "<group>"; };
		3DFFB9242189FC36007A4908 /* Assets.xcassets */ = {isa = PBXFileReference; lastKnownFileType = folder.assetcatalog; path = Assets.xcassets; sourceTree = "<group>"; };
		3DFFB9272189FC36007A4908 /* Base */ = {isa = PBXFileReference; lastKnownFileType = file.storyboard; name = Base; path = Base.lproj/LaunchScreen.storyboard; sourceTree = "<group>"; };
		3DFFB9292189FC36007A4908 /* Info.plist */ = {isa = PBXFileReference; lastKnownFileType = text.plist.xml; path = Info.plist; sourceTree = "<group>"; };
		3DFFB92E2189FC36007A4908 /* PeliculasTests.xctest */ = {isa = PBXFileReference; explicitFileType = wrapper.cfbundle; includeInIndex = 0; path = PeliculasTests.xctest; sourceTree = BUILT_PRODUCTS_DIR; };
		3DFFB9322189FC36007A4908 /* PeliculasTests.swift */ = {isa = PBXFileReference; lastKnownFileType = sourcecode.swift; path = PeliculasTests.swift; sourceTree = "<group>"; };
		3DFFB9342189FC36007A4908 /* Info.plist */ = {isa = PBXFileReference; lastKnownFileType = text.plist.xml; path = Info.plist; sourceTree = "<group>"; };
		3DFFB9392189FC36007A4908 /* PeliculasUITests.xctest */ = {isa = PBXFileReference; explicitFileType = wrapper.cfbundle; includeInIndex = 0; path = PeliculasUITests.xctest; sourceTree = BUILT_PRODUCTS_DIR; };
		3DFFB93D2189FC36007A4908 /* PeliculasUITests.swift */ = {isa = PBXFileReference; lastKnownFileType = sourcecode.swift; path = PeliculasUITests.swift; sourceTree = "<group>"; };
		3DFFB93F2189FC36007A4908 /* Info.plist */ = {isa = PBXFileReference; lastKnownFileType = text.plist.xml; path = Info.plist; sourceTree = "<group>"; };
		3DFFB9532189FFB1007A4908 /* Pelicula.swift */ = {isa = PBXFileReference; lastKnownFileType = sourcecode.swift; path = Pelicula.swift; sourceTree = "<group>"; };
		3DFFB956218A0098007A4908 /* Datos.swift */ = {isa = PBXFileReference; lastKnownFileType = sourcecode.swift; path = Datos.swift; sourceTree = "<group>"; };
		3DFFB958218A015F007A4908 /* CeldaPeliculaController.swift */ = {isa = PBXFileReference; lastKnownFileType = sourcecode.swift; path = CeldaPeliculaController.swift; sourceTree = "<group>"; };
		3DFFB95A218A0CD9007A4908 /* Alamofire.xcodeproj */ = {isa = PBXFileReference; lastKnownFileType = "wrapper.pb-project"; name = Alamofire.xcodeproj; path = Alamofire/Alamofire.xcodeproj; sourceTree = SOURCE_ROOT; };
/* End PBXFileReference section */

/* Begin PBXFrameworksBuildPhase section */
		3DFFB9172189FC35007A4908 /* Frameworks */ = {
			isa = PBXFrameworksBuildPhase;
			buildActionMask = 2147483647;
			files = (
				3DFFB973218A0D56007A4908 /* Alamofire.framework in Frameworks */,
			);
			runOnlyForDeploymentPostprocessing = 0;
		};
		3DFFB92B2189FC36007A4908 /* Frameworks */ = {
			isa = PBXFrameworksBuildPhase;
			buildActionMask = 2147483647;
			files = (
			);
			runOnlyForDeploymentPostprocessing = 0;
		};
		3DFFB9362189FC36007A4908 /* Frameworks */ = {
			isa = PBXFrameworksBuildPhase;
			buildActionMask = 2147483647;
			files = (
			);
			runOnlyForDeploymentPostprocessing = 0;
		};
/* End PBXFrameworksBuildPhase section */

/* Begin PBXGroup section */
		3DFFB9112189FC35007A4908 = {
			isa = PBXGroup;
			children = (
				3DFFB91C2189FC35007A4908 /* Peliculas */,
				3DFFB9312189FC36007A4908 /* PeliculasTests */,
				3DFFB93C2189FC36007A4908 /* PeliculasUITests */,
				3DFFB91B2189FC35007A4908 /* Products */,
			);
			sourceTree = "<group>";
		};
		3DFFB91B2189FC35007A4908 /* Products */ = {
			isa = PBXGroup;
			children = (
				3DFFB91A2189FC35007A4908 /* Peliculas.app */,
				3DFFB92E2189FC36007A4908 /* PeliculasTests.xctest */,
				3DFFB9392189FC36007A4908 /* PeliculasUITests.xctest */,
			);
			name = Products;
			sourceTree = "<group>";
		};
		3DFFB91C2189FC35007A4908 /* Peliculas */ = {
			isa = PBXGroup;
			children = (
				3DFFB95A218A0CD9007A4908 /* Alamofire.xcodeproj */,
				3DFFB955218A007D007A4908 /* Helpers */,
				3DFFB9522189FF7B007A4908 /* References */,
				3DFFB9512189FF48007A4908 /* Models */,
				3DFFB9502189FF3C007A4908 /* Views */,
				3DFFB94F2189FF2F007A4908 /* ViewControllers */,
				3DFFB94E2189FF2A007A4908 /* Apps */,
			);
			path = Peliculas;
			sourceTree = "<group>";
		};
		3DFFB9312189FC36007A4908 /* PeliculasTests */ = {
			isa = PBXGroup;
			children = (
				3DFFB9322189FC36007A4908 /* PeliculasTests.swift */,
				3DFFB9342189FC36007A4908 /* Info.plist */,
			);
			path = PeliculasTests;
			sourceTree = "<group>";
		};
		3DFFB93C2189FC36007A4908 /* PeliculasUITests */ = {
			isa = PBXGroup;
			children = (
				3DFFB93D2189FC36007A4908 /* PeliculasUITests.swift */,
				3DFFB93F2189FC36007A4908 /* Info.plist */,
			);
			path = PeliculasUITests;
			sourceTree = "<group>";
		};
		3DFFB94E2189FF2A007A4908 /* Apps */ = {
			isa = PBXGroup;
			children = (
				3DFFB9292189FC36007A4908 /* Info.plist */,
				3DFFB91D2189FC35007A4908 /* AppDelegate.swift */,
			);
			name = Apps;
			sourceTree = "<group>";
		};
		3DFFB94F2189FF2F007A4908 /* ViewControllers */ = {
			isa = PBXGroup;
			children = (
				3DFFB91F2189FC35007A4908 /* ViewController.swift */,
				3DFFB958218A015F007A4908 /* CeldaPeliculaController.swift */,
				3DE24920218B97770077A751 /* DetallesPeliculaController.swift */,
			);
			name = ViewControllers;
			sourceTree = "<group>";
		};
		3DFFB9502189FF3C007A4908 /* Views */ = {
			isa = PBXGroup;
			children = (
				3DFFB9212189FC35007A4908 /* Main.storyboard */,
				3DFFB9262189FC36007A4908 /* LaunchScreen.storyboard */,
			);
			name = Views;
			sourceTree = "<group>";
		};
		3DFFB9512189FF48007A4908 /* Models */ = {
			isa = PBXGroup;
			children = (
				3DFFB9532189FFB1007A4908 /* Pelicula.swift */,
			);
			name = Models;
			sourceTree = "<group>";
		};
		3DFFB9522189FF7B007A4908 /* References */ = {
			isa = PBXGroup;
			children = (
				3DFFB9242189FC36007A4908 /* Assets.xcassets */,
			);
			name = References;
			sourceTree = "<group>";
		};
		3DFFB955218A007D007A4908 /* Helpers */ = {
			isa = PBXGroup;
			children = (
				3DFFB956218A0098007A4908 /* Datos.swift */,
			);
			name = Helpers;
			sourceTree = "<group>";
		};
		3DFFB95B218A0CD9007A4908 /* Products */ = {
			isa = PBXGroup;
			children = (
				3DFFB966218A0CD9007A4908 /* Alamofire.framework */,
				3DFFB968218A0CD9007A4908 /* Alamofire iOS Tests.xctest */,
				3DFFB96A218A0CD9007A4908 /* Alamofire.framework */,
				3DFFB96C218A0CD9007A4908 /* Alamofire macOS Tests.xctest */,
				3DFFB96E218A0CD9007A4908 /* Alamofire.framework */,
				3DFFB970218A0CD9007A4908 /* Alamofire tvOS Tests.xctest */,
				3DFFB972218A0CD9007A4908 /* Alamofire.framework */,
			);
			name = Products;
			sourceTree = "<group>";
		};
/* End PBXGroup section */

/* Begin PBXNativeTarget section */
		3DFFB9192189FC35007A4908 /* Peliculas */ = {
			isa = PBXNativeTarget;
			buildConfigurationList = 3DFFB9422189FC36007A4908 /* Build configuration list for PBXNativeTarget "Peliculas" */;
			buildPhases = (
				3DFFB9162189FC35007A4908 /* Sources */,
				3DFFB9172189FC35007A4908 /* Frameworks */,
				3DFFB9182189FC35007A4908 /* Resources */,
				3DFFB977218A0D57007A4908 /* Embed Frameworks */,
			);
			buildRules = (
			);
			dependencies = (
				3DFFB976218A0D56007A4908 /* PBXTargetDependency */,
			);
			name = Peliculas;
			productName = Peliculas;
			productReference = 3DFFB91A2189FC35007A4908 /* Peliculas.app */;
			productType = "com.apple.product-type.application";
		};
		3DFFB92D2189FC36007A4908 /* PeliculasTests */ = {
			isa = PBXNativeTarget;
			buildConfigurationList = 3DFFB9452189FC36007A4908 /* Build configuration list for PBXNativeTarget "PeliculasTests" */;
			buildPhases = (
				3DFFB92A2189FC36007A4908 /* Sources */,
				3DFFB92B2189FC36007A4908 /* Frameworks */,
				3DFFB92C2189FC36007A4908 /* Resources */,
			);
			buildRules = (
			);
			dependencies = (
				3DFFB9302189FC36007A4908 /* PBXTargetDependency */,
			);
			name = PeliculasTests;
			productName = PeliculasTests;
			productReference = 3DFFB92E2189FC36007A4908 /* PeliculasTests.xctest */;
			productType = "com.apple.product-type.bundle.unit-test";
		};
		3DFFB9382189FC36007A4908 /* PeliculasUITests */ = {
			isa = PBXNativeTarget;
			buildConfigurationList = 3DFFB9482189FC36007A4908 /* Build configuration list for PBXNativeTarget "PeliculasUITests" */;
			buildPhases = (
				3DFFB9352189FC36007A4908 /* Sources */,
				3DFFB9362189FC36007A4908 /* Frameworks */,
				3DFFB9372189FC36007A4908 /* Resources */,
			);
			buildRules = (
			);
			dependencies = (
				3DFFB93B2189FC36007A4908 /* PBXTargetDependency */,
			);
			name = PeliculasUITests;
			productName = PeliculasUITests;
			productReference = 3DFFB9392189FC36007A4908 /* PeliculasUITests.xctest */;
			productType = "com.apple.product-type.bundle.ui-testing";
		};
/* End PBXNativeTarget section */

/* Begin PBXProject section */
		3DFFB9122189FC35007A4908 /* Project object */ = {
			isa = PBXProject;
			attributes = {
				LastSwiftUpdateCheck = 0940;
				LastUpgradeCheck = 0940;
				ORGANIZATIONNAME = Alumno;
				TargetAttributes = {
					3DFFB9192189FC35007A4908 = {
						CreatedOnToolsVersion = 9.4.1;
					};
					3DFFB92D2189FC36007A4908 = {
						CreatedOnToolsVersion = 9.4.1;
						TestTargetID = 3DFFB9192189FC35007A4908;
					};
					3DFFB9382189FC36007A4908 = {
						CreatedOnToolsVersion = 9.4.1;
						TestTargetID = 3DFFB9192189FC35007A4908;
					};
				};
			};
			buildConfigurationList = 3DFFB9152189FC35007A4908 /* Build configuration list for PBXProject "Peliculas" */;
			compatibilityVersion = "Xcode 9.3";
			developmentRegion = en;
			hasScannedForEncodings = 0;
			knownRegions = (
				en,
				Base,
			);
			mainGroup = 3DFFB9112189FC35007A4908;
			productRefGroup = 3DFFB91B2189FC35007A4908 /* Products */;
			projectDirPath = "";
			projectReferences = (
				{
					ProductGroup = 3DFFB95B218A0CD9007A4908 /* Products */;
					ProjectRef = 3DFFB95A218A0CD9007A4908 /* Alamofire.xcodeproj */;
				},
			);
			projectRoot = "";
			targets = (
				3DFFB9192189FC35007A4908 /* Peliculas */,
				3DFFB92D2189FC36007A4908 /* PeliculasTests */,
				3DFFB9382189FC36007A4908 /* PeliculasUITests */,
			);
		};
/* End PBXProject section */

/* Begin PBXReferenceProxy section */
		3DFFB966218A0CD9007A4908 /* Alamofire.framework */ = {
			isa = PBXReferenceProxy;
			fileType = wrapper.framework;
			path = Alamofire.framework;
			remoteRef = 3DFFB965218A0CD9007A4908 /* PBXContainerItemProxy */;
			sourceTree = BUILT_PRODUCTS_DIR;
		};
		3DFFB968218A0CD9007A4908 /* Alamofire iOS Tests.xctest */ = {
			isa = PBXReferenceProxy;
			fileType = wrapper.cfbundle;
			path = "Alamofire iOS Tests.xctest";
			remoteRef = 3DFFB967218A0CD9007A4908 /* PBXContainerItemProxy */;
			sourceTree = BUILT_PRODUCTS_DIR;
		};
		3DFFB96A218A0CD9007A4908 /* Alamofire.framework */ = {
			isa = PBXReferenceProxy;
			fileType = wrapper.framework;
			path = Alamofire.framework;
			remoteRef = 3DFFB969218A0CD9007A4908 /* PBXContainerItemProxy */;
			sourceTree = BUILT_PRODUCTS_DIR;
		};
		3DFFB96C218A0CD9007A4908 /* Alamofire macOS Tests.xctest */ = {
			isa = PBXReferenceProxy;
			fileType = wrapper.cfbundle;
			path = "Alamofire macOS Tests.xctest";
			remoteRef = 3DFFB96B218A0CD9007A4908 /* PBXContainerItemProxy */;
			sourceTree = BUILT_PRODUCTS_DIR;
		};
		3DFFB96E218A0CD9007A4908 /* Alamofire.framework */ = {
			isa = PBXReferenceProxy;
			fileType = wrapper.framework;
			path = Alamofire.framework;
			remoteRef = 3DFFB96D218A0CD9007A4908 /* PBXContainerItemProxy */;
			sourceTree = BUILT_PRODUCTS_DIR;
		};
		3DFFB970218A0CD9007A4908 /* Alamofire tvOS Tests.xctest */ = {
			isa = PBXReferenceProxy;
			fileType = wrapper.cfbundle;
			path = "Alamofire tvOS Tests.xctest";
			remoteRef = 3DFFB96F218A0CD9007A4908 /* PBXContainerItemProxy */;
			sourceTree = BUILT_PRODUCTS_DIR;
		};
		3DFFB972218A0CD9007A4908 /* Alamofire.framework */ = {
			isa = PBXReferenceProxy;
			fileType = wrapper.framework;
			path = Alamofire.framework;
			remoteRef = 3DFFB971218A0CD9007A4908 /* PBXContainerItemProxy */;
			sourceTree = BUILT_PRODUCTS_DIR;
		};
/* End PBXReferenceProxy section */

/* Begin PBXResourcesBuildPhase section */
		3DFFB9182189FC35007A4908 /* Resources */ = {
			isa = PBXResourcesBuildPhase;
			buildActionMask = 2147483647;
			files = (
				3DFFB9282189FC36007A4908 /* LaunchScreen.storyboard in Resources */,
				3DFFB9252189FC36007A4908 /* Assets.xcassets in Resources */,
				3DFFB9232189FC35007A4908 /* Main.storyboard in Resources */,
			);
			runOnlyForDeploymentPostprocessing = 0;
		};
		3DFFB92C2189FC36007A4908 /* Resources */ = {
			isa = PBXResourcesBuildPhase;
			buildActionMask = 2147483647;
			files = (
			);
			runOnlyForDeploymentPostprocessing = 0;
		};
		3DFFB9372189FC36007A4908 /* Resources */ = {
			isa = PBXResourcesBuildPhase;
			buildActionMask = 2147483647;
			files = (
			);
			runOnlyForDeploymentPostprocessing = 0;
		};
/* End PBXResourcesBuildPhase section */

/* Begin PBXSourcesBuildPhase section */
		3DFFB9162189FC35007A4908 /* Sources */ = {
			isa = PBXSourcesBuildPhase;
			buildActionMask = 2147483647;
			files = (
				3DFFB9542189FFB1007A4908 /* Pelicula.swift in Sources */,
				3DFFB957218A0098007A4908 /* Datos.swift in Sources */,
				3DE24921218B97770077A751 /* DetallesPeliculaController.swift in Sources */,
				3DFFB9202189FC35007A4908 /* ViewController.swift in Sources */,
				3DFFB91E2189FC35007A4908 /* AppDelegate.swift in Sources */,
				3DFFB959218A015F007A4908 /* CeldaPeliculaController.swift in Sources */,
			);
			runOnlyForDeploymentPostprocessing = 0;
		};
		3DFFB92A2189FC36007A4908 /* Sources */ = {
			isa = PBXSourcesBuildPhase;
			buildActionMask = 2147483647;
			files = (
				3DFFB9332189FC36007A4908 /* PeliculasTests.swift in Sources */,
			);
			runOnlyForDeploymentPostprocessing = 0;
		};
		3DFFB9352189FC36007A4908 /* Sources */ = {
			isa = PBXSourcesBuildPhase;
			buildActionMask = 2147483647;
			files = (
				3DFFB93E2189FC36007A4908 /* PeliculasUITests.swift in Sources */,
			);
			runOnlyForDeploymentPostprocessing = 0;
		};
/* End PBXSourcesBuildPhase section */

/* Begin PBXTargetDependency section */
		3DFFB9302189FC36007A4908 /* PBXTargetDependency */ = {
			isa = PBXTargetDependency;
			target = 3DFFB9192189FC35007A4908 /* Peliculas */;
			targetProxy = 3DFFB92F2189FC36007A4908 /* PBXContainerItemProxy */;
		};
		3DFFB93B2189FC36007A4908 /* PBXTargetDependency */ = {
			isa = PBXTargetDependency;
			target = 3DFFB9192189FC35007A4908 /* Peliculas */;
			targetProxy = 3DFFB93A2189FC36007A4908 /* PBXContainerItemProxy */;
		};
		3DFFB976218A0D56007A4908 /* PBXTargetDependency */ = {
			isa = PBXTargetDependency;
			name = "Alamofire iOS";
			targetProxy = 3DFFB975218A0D56007A4908 /* PBXContainerItemProxy */;
		};
/* End PBXTargetDependency section */

/* Begin PBXVariantGroup section */
		3DFFB9212189FC35007A4908 /* Main.storyboard */ = {
			isa = PBXVariantGroup;
			children = (
				3DFFB9222189FC35007A4908 /* Base */,
			);
			name = Main.storyboard;
			sourceTree = "<group>";
		};
		3DFFB9262189FC36007A4908 /* LaunchScreen.storyboard */ = {
			isa = PBXVariantGroup;
			children = (
				3DFFB9272189FC36007A4908 /* Base */,
			);
			name = LaunchScreen.storyboard;
			sourceTree = "<group>";
		};
/* End PBXVariantGroup section */

/* Begin XCBuildConfiguration section */
		3DFFB9402189FC36007A4908 /* Debug */ = {
			isa = XCBuildConfiguration;
			buildSettings = {
				ALWAYS_SEARCH_USER_PATHS = NO;
				CLANG_ANALYZER_NONNULL = YES;
				CLANG_ANALYZER_NUMBER_OBJECT_CONVERSION = YES_AGGRESSIVE;
				CLANG_CXX_LANGUAGE_STANDARD = "gnu++14";
				CLANG_CXX_LIBRARY = "libc++";
				CLANG_ENABLE_MODULES = YES;
				CLANG_ENABLE_OBJC_ARC = YES;
				CLANG_ENABLE_OBJC_WEAK = YES;
				CLANG_WARN_BLOCK_CAPTURE_AUTORELEASING = YES;
				CLANG_WARN_BOOL_CONVERSION = YES;
				CLANG_WARN_COMMA = YES;
				CLANG_WARN_CONSTANT_CONVERSION = YES;
				CLANG_WARN_DEPRECATED_OBJC_IMPLEMENTATIONS = YES;
				CLANG_WARN_DIRECT_OBJC_ISA_USAGE = YES_ERROR;
				CLANG_WARN_DOCUMENTATION_COMMENTS = YES;
				CLANG_WARN_EMPTY_BODY = YES;
				CLANG_WARN_ENUM_CONVERSION = YES;
				CLANG_WARN_INFINITE_RECURSION = YES;
				CLANG_WARN_INT_CONVERSION = YES;
				CLANG_WARN_NON_LITERAL_NULL_CONVERSION = YES;
				CLANG_WARN_OBJC_IMPLICIT_RETAIN_SELF = YES;
				CLANG_WARN_OBJC_LITERAL_CONVERSION = YES;
				CLANG_WARN_OBJC_ROOT_CLASS = YES_ERROR;
				CLANG_WARN_RANGE_LOOP_ANALYSIS = YES;
				CLANG_WARN_STRICT_PROTOTYPES = YES;
				CLANG_WARN_SUSPICIOUS_MOVE = YES;
				CLANG_WARN_UNGUARDED_AVAILABILITY = YES_AGGRESSIVE;
				CLANG_WARN_UNREACHABLE_CODE = YES;
				CLANG_WARN__DUPLICATE_METHOD_MATCH = YES;
				CODE_SIGN_IDENTITY = "iPhone Developer";
				COPY_PHASE_STRIP = NO;
				DEBUG_INFORMATION_FORMAT = dwarf;
				ENABLE_STRICT_OBJC_MSGSEND = YES;
				ENABLE_TESTABILITY = YES;
				GCC_C_LANGUAGE_STANDARD = gnu11;
				GCC_DYNAMIC_NO_PIC = NO;
				GCC_NO_COMMON_BLOCKS = YES;
				GCC_OPTIMIZATION_LEVEL = 0;
				GCC_PREPROCESSOR_DEFINITIONS = (
					"DEBUG=1",
					"$(inherited)",
				);
				GCC_WARN_64_TO_32_BIT_CONVERSION = YES;
				GCC_WARN_ABOUT_RETURN_TYPE = YES_ERROR;
				GCC_WARN_UNDECLARED_SELECTOR = YES;
				GCC_WARN_UNINITIALIZED_AUTOS = YES_AGGRESSIVE;
				GCC_WARN_UNUSED_FUNCTION = YES;
				GCC_WARN_UNUSED_VARIABLE = YES;
				IPHONEOS_DEPLOYMENT_TARGET = 11.4;
				MTL_ENABLE_DEBUG_INFO = YES;
				ONLY_ACTIVE_ARCH = YES;
				SDKROOT = iphoneos;
				SWIFT_ACTIVE_COMPILATION_CONDITIONS = DEBUG;
				SWIFT_OPTIMIZATION_LEVEL = "-Onone";
			};
			name = Debug;
		};
		3DFFB9412189FC36007A4908 /* Release */ = {
			isa = XCBuildConfiguration;
			buildSettings = {
				ALWAYS_SEARCH_USER_PATHS = NO;
				CLANG_ANALYZER_NONNULL = YES;
				CLANG_ANALYZER_NUMBER_OBJECT_CONVERSION = YES_AGGRESSIVE;
				CLANG_CXX_LANGUAGE_STANDARD = "gnu++14";
				CLANG_CXX_LIBRARY = "libc++";
				CLANG_ENABLE_MODULES = YES;
				CLANG_ENABLE_OBJC_ARC = YES;
				CLANG_ENABLE_OBJC_WEAK = YES;
				CLANG_WARN_BLOCK_CAPTURE_AUTORELEASING = YES;
				CLANG_WARN_BOOL_CONVERSION = YES;
				CLANG_WARN_COMMA = YES;
				CLANG_WARN_CONSTANT_CONVERSION = YES;
				CLANG_WARN_DEPRECATED_OBJC_IMPLEMENTATIONS = YES;
				CLANG_WARN_DIRECT_OBJC_ISA_USAGE = YES_ERROR;
				CLANG_WARN_DOCUMENTATION_COMMENTS = YES;
				CLANG_WARN_EMPTY_BODY = YES;
				CLANG_WARN_ENUM_CONVERSION = YES;
				CLANG_WARN_INFINITE_RECURSION = YES;
				CLANG_WARN_INT_CONVERSION = YES;
				CLANG_WARN_NON_LITERAL_NULL_CONVERSION = YES;
				CLANG_WARN_OBJC_IMPLICIT_RETAIN_SELF = YES;
				CLANG_WARN_OBJC_LITERAL_CONVERSION = YES;
				CLANG_WARN_OBJC_ROOT_CLASS = YES_ERROR;
				CLANG_WARN_RANGE_LOOP_ANALYSIS = YES;
				CLANG_WARN_STRICT_PROTOTYPES = YES;
				CLANG_WARN_SUSPICIOUS_MOVE = YES;
				CLANG_WARN_UNGUARDED_AVAILABILITY = YES_AGGRESSIVE;
				CLANG_WARN_UNREACHABLE_CODE = YES;
				CLANG_WARN__DUPLICATE_METHOD_MATCH = YES;
				CODE_SIGN_IDENTITY = "iPhone Developer";
				COPY_PHASE_STRIP = NO;
				DEBUG_INFORMATION_FORMAT = "dwarf-with-dsym";
				ENABLE_NS_ASSERTIONS = NO;
				ENABLE_STRICT_OBJC_MSGSEND = YES;
				GCC_C_LANGUAGE_STANDARD = gnu11;
				GCC_NO_COMMON_BLOCKS = YES;
				GCC_WARN_64_TO_32_BIT_CONVERSION = YES;
				GCC_WARN_ABOUT_RETURN_TYPE = YES_ERROR;
				GCC_WARN_UNDECLARED_SELECTOR = YES;
				GCC_WARN_UNINITIALIZED_AUTOS = YES_AGGRESSIVE;
				GCC_WARN_UNUSED_FUNCTION = YES;
				GCC_WARN_UNUSED_VARIABLE = YES;
				IPHONEOS_DEPLOYMENT_TARGET = 11.4;
				MTL_ENABLE_DEBUG_INFO = NO;
				SDKROOT = iphoneos;
				SWIFT_COMPILATION_MODE = wholemodule;
				SWIFT_OPTIMIZATION_LEVEL = "-O";
				VALIDATE_PRODUCT = YES;
			};
			name = Release;
		};
		3DFFB9432189FC36007A4908 /* Debug */ = {
			isa = XCBuildConfiguration;
			buildSettings = {
				ALWAYS_EMBED_SWIFT_STANDARD_LIBRARIES = YES;
				ASSETCATALOG_COMPILER_APPICON_NAME = AppIcon;
				CODE_SIGN_STYLE = Automatic;
				INFOPLIST_FILE = Peliculas/Info.plist;
				LD_RUNPATH_SEARCH_PATHS = (
					"$(inherited)",
					"@executable_path/Frameworks",
				);
				PRODUCT_BUNDLE_IDENTIFIER = edu.ulsa.Peliculas;
				PRODUCT_NAME = "$(TARGET_NAME)";
				SWIFT_VERSION = 4.0;
				TARGETED_DEVICE_FAMILY = "1,2";
			};
			name = Debug;
		};
		3DFFB9442189FC36007A4908 /* Release */ = {
			isa = XCBuildConfiguration;
			buildSettings = {
				ALWAYS_EMBED_SWIFT_STANDARD_LIBRARIES = YES;
				ASSETCATALOG_COMPILER_APPICON_NAME = AppIcon;
				CODE_SIGN_STYLE = Automatic;
				INFOPLIST_FILE = Peliculas/Info.plist;
				LD_RUNPATH_SEARCH_PATHS = (
					"$(inherited)",
					"@executable_path/Frameworks",
				);
				PRODUCT_BUNDLE_IDENTIFIER = edu.ulsa.Peliculas;
				PRODUCT_NAME = "$(TARGET_NAME)";
				SWIFT_VERSION = 4.0;
				TARGETED_DEVICE_FAMILY = "1,2";
			};
			name = Release;
		};
		3DFFB9462189FC36007A4908 /* Debug */ = {
			isa = XCBuildConfiguration;
			buildSettings = {
				ALWAYS_EMBED_SWIFT_STANDARD_LIBRARIES = YES;
				BUNDLE_LOADER = "$(TEST_HOST)";
				CODE_SIGN_STYLE = Automatic;
				INFOPLIST_FILE = PeliculasTests/Info.plist;
				LD_RUNPATH_SEARCH_PATHS = (
					"$(inherited)",
					"@executable_path/Frameworks",
					"@loader_path/Frameworks",
				);
				PRODUCT_BUNDLE_IDENTIFIER = edu.ulsa.PeliculasTests;
				PRODUCT_NAME = "$(TARGET_NAME)";
				SWIFT_VERSION = 4.0;
				TARGETED_DEVICE_FAMILY = "1,2";
				TEST_HOST = "$(BUILT_PRODUCTS_DIR)/Peliculas.app/Peliculas";
			};
			name = Debug;
		};
		3DFFB9472189FC36007A4908 /* Release */ = {
			isa = XCBuildConfiguration;
			buildSettings = {
				ALWAYS_EMBED_SWIFT_STANDARD_LIBRARIES = YES;
				BUNDLE_LOADER = "$(TEST_HOST)";
				CODE_SIGN_STYLE = Automatic;
				INFOPLIST_FILE = PeliculasTests/Info.plist;
				LD_RUNPATH_SEARCH_PATHS = (
					"$(inherited)",
					"@executable_path/Frameworks",
					"@loader_path/Frameworks",
				);
				PRODUCT_BUNDLE_IDENTIFIER = edu.ulsa.PeliculasTests;
				PRODUCT_NAME = "$(TARGET_NAME)";
				SWIFT_VERSION = 4.0;
				TARGETED_DEVICE_FAMILY = "1,2";
				TEST_HOST = "$(BUILT_PRODUCTS_DIR)/Peliculas.app/Peliculas";
			};
			name = Release;
		};
		3DFFB9492189FC36007A4908 /* Debug */ = {
			isa = XCBuildConfiguration;
			buildSettings = {
				ALWAYS_EMBED_SWIFT_STANDARD_LIBRARIES = YES;
				CODE_SIGN_STYLE = Automatic;
				INFOPLIST_FILE = PeliculasUITests/Info.plist;
				LD_RUNPATH_SEARCH_PATHS = (
					"$(inherited)",
					"@executable_path/Frameworks",
					"@loader_path/Frameworks",
				);
				PRODUCT_BUNDLE_IDENTIFIER = edu.ulsa.PeliculasUITests;
				PRODUCT_NAME = "$(TARGET_NAME)";
				SWIFT_VERSION = 4.0;
				TARGETED_DEVICE_FAMILY = "1,2";
				TEST_TARGET_NAME = Peliculas;
			};
			name = Debug;
		};
		3DFFB94A2189FC36007A4908 /* Release */ = {
			isa = XCBuildConfiguration;
			buildSettings = {
				ALWAYS_EMBED_SWIFT_STANDARD_LIBRARIES = YES;
				CODE_SIGN_STYLE = Automatic;
				INFOPLIST_FILE = PeliculasUITests/Info.plist;
				LD_RUNPATH_SEARCH_PATHS = (
					"$(inherited)",
					"@executable_path/Frameworks",
					"@loader_path/Frameworks",
				);
				PRODUCT_BUNDLE_IDENTIFIER = edu.ulsa.PeliculasUITests;
				PRODUCT_NAME = "$(TARGET_NAME)";
				SWIFT_VERSION = 4.0;
				TARGETED_DEVICE_FAMILY = "1,2";
				TEST_TARGET_NAME = Peliculas;
			};
			name = Release;
		};
/* End XCBuildConfiguration section */

/* Begin XCConfigurationList section */
		3DFFB9152189FC35007A4908 /* Build configuration list for PBXProject "Peliculas" */ = {
			isa = XCConfigurationList;
			buildConfigurations = (
				3DFFB9402189FC36007A4908 /* Debug */,
				3DFFB9412189FC36007A4908 /* Release */,
			);
			defaultConfigurationIsVisible = 0;
			defaultConfigurationName = Release;
		};
		3DFFB9422189FC36007A4908 /* Build configuration list for PBXNativeTarget "Peliculas" */ = {
			isa = XCConfigurationList;
			buildConfigurations = (
				3DFFB9432189FC36007A4908 /* Debug */,
				3DFFB9442189FC36007A4908 /* Release */,
			);
			defaultConfigurationIsVisible = 0;
			defaultConfigurationName = Release;
		};
		3DFFB9452189FC36007A4908 /* Build configuration list for PBXNativeTarget "PeliculasTests" */ = {
			isa = XCConfigurationList;
			buildConfigurations = (
				3DFFB9462189FC36007A4908 /* Debug */,
				3DFFB9472189FC36007A4908 /* Release */,
			);
			defaultConfigurationIsVisible = 0;
			defaultConfigurationName = Release;
		};
		3DFFB9482189FC36007A4908 /* Build configuration list for PBXNativeTarget "PeliculasUITests" */ = {
			isa = XCConfigurationList;
			buildConfigurations = (
				3DFFB9492189FC36007A4908 /* Debug */,
				3DFFB94A2189FC36007A4908 /* Release */,
			);
			defaultConfigurationIsVisible = 0;
			defaultConfigurationName = Release;
		};
/* End XCConfigurationList section */
	};
	rootObject = 3DFFB9122189FC35007A4908 /* Project object */;
}
